<?xml version="1.0" encoding="utf-8"?>
<Project ToolsVersion="4.0" xmlns="http://schemas.microsoft.com/developer/msbuild/2003">
  <ItemGroup>
    <ClCompile Include="Block.cpp" />
    <ClCompile Include="Button.cpp" />
    <ClCompile Include="Color.cpp" />
    <ClCompile Include="Bomb.cpp" />
    <ClCompile Include="DebugScene.cpp" />
    <ClCompile Include="Engine.cpp" />
    <ClCompile Include="EngineConfiguration.cpp" />
    <ClCompile Include="Explosion.cpp" />
    <ClCompile Include="GameScene.cpp" />
    <ClCompile Include="Keyboard.cpp" />
    <ClCompile Include="LineSegment.cpp" />
    <ClCompile Include="main.cpp" />
    <ClCompile Include="MainMenuScene.cpp" />
    <ClCompile Include="MapGenerator.cpp" />
    <ClCompile Include="Player.cpp" />
    <ClCompile Include="PlayerConfiguration.cpp" />
    <ClCompile Include="Point2D.cpp" />
    <ClCompile Include="PrimitiveAnimation.cpp" />
    <ClCompile Include="PrimitiveRenderer.cpp" />
    <ClCompile Include="Scene.cpp" />
    <ClCompile Include="SceneManager.cpp" />
    <ClCompile Include="MathUtil.cpp" />
    <ClCompile Include="Matrix3x3.cpp" />
    <ClCompile Include="GameObject.cpp" />
    <ClCompile Include="UpdatableObject.cpp" />
    <ClCompile Include="DrawableObject.cpp" />
    <ClCompile Include="TransformableObject.cpp" />
    <ClCompile Include="ShapeObject.cpp" />
    <ClCompile Include="Mouse.cpp" />
  </ItemGroup>
  <ItemGroup>
    <ClInclude Include="Block.h" />
    <ClInclude Include="Button.h" />
    <ClInclude Include="Color.h" />
    <ClInclude Include="Bomb.h" />
    <ClInclude Include="DebugScene.h" />
    <ClInclude Include="Engine.h" />
    <ClInclude Include="EngineConfiguration.h" />
    <ClInclude Include="Explosion.h" />
    <ClInclude Include="GameScene.h" />
    <ClInclude Include="Keyboard.h" />
    <ClInclude Include="LineSegment.h" />
    <ClInclude Include="MainMenuScene.h" />
    <ClInclude Include="MapGenerator.h" />
    <ClInclude Include="Player.h" />
    <ClInclude Include="PlayerConfiguration.h" />
    <ClInclude Include="Point2D.h" />
    <ClInclude Include="PrimitiveAnimation.h" />
    <ClInclude Include="PrimitiveRenderer.h" />
    <ClInclude Include="Scene.h" />
    <ClInclude Include="SceneManager.h" />
    <ClInclude Include="MathUtil.h" />
    <ClInclude Include="Matrix3x3.h" />
    <ClInclude Include="GameObject.h" />
    <ClInclude Include="UpdatableObject.h" />
    <ClInclude Include="DrawableObject.h" />
    <ClInclude Include="TransformableObject.h" />
    <ClInclude Include="ShapeObject.h" />
    <ClInclude Include="Mouse.h" />
  </ItemGroup>
  <ItemGroup>
    <None Include="packages.config" />
  </ItemGroup>
</Project>